{
  "files": {
    ".oracle/managed-files.json": "a81bc890d7def45c23d0af02fa48d78b23be6f6638206b35bb8230d9e477041b",
    ".oracle/profile.json": "36be259b977fd03f8b9b1e4555190d42cb42a5ceb4a1cf4c49ca311d723339b4",
    "AGENTS.md": "bea273058f26a0877aa1697d52d82f2d895849b979c61c28c3693751556d8577",
    "audits/agents-md.md": "a1ca271612436b6952327012dbffa40f64d7fa1d7090a884d490f5a8d80cbf40",
    "audits/logging.sh": "f75bd9cf8ff875b326230aa30eed7dcb518befb3b35dfaaa10aac06944f0fa87",
    "audits/msid-ui.sh": "31610c18b7cf17537b13b22e728a05e1dc97287b737a03344d82b603d28479e4",
    "audits/ufs.sh": "b86a37e152ede47060525c87a9e174c447f535daa0f69182da5f2d4d7250012a",
    "dispatch/edit_rules.md": "fe1198149d1106d55943f01e490444f28cb92407c89e16cf16edfbcc16587a5b",
    "dispatch/lib.sh": "3a2c453bb5d04ccda0bd849311cd0e8680ec563db3736b42b8b29b50556bfe53",
    "dispatch/write_any.md": "bdd8fe816e646a7c46621fe8084474102cfd22ea4747b85b377aee22988159a4",
    "dispatch/write_any.sh": "36265c0ff8cd5aa31348bc4fe51039488dbea3ebbb7ecbed5fd856f468ee8908",
    "dispatch/write_documentation.md": "b07d1b893df8df41862917cad8f68e1fb28e9fb1bb985bc49a43f547df7daf5c",
    "dispatch/write_mdx.md": "71309fa7fd2f690973da53e70108fe92c0af9b51c12b49ee9bd0fbe747313029",
    "dispatch/write_python.md": "b863b6e9d9aa1d65ad51639a64c9fda3bd4cf45881d88a81d2fb40c16df649c6",
    "dispatch/write_rust.md": "ed6f48c05bd528a81460bb6ac2f4dc376f8889ac7e57bca5b5f91ceb470b455a",
    "dispatch/write_shell.md": "9d726314aba14d36d1181f2ac022f58d8c95ad08e1f7da130deae750dbc6eb8f",
    "docs/DOCUMENTATION_RULES.md": "805a6bf0239d07c280d1a1fb1bfe5075108c178d8f42ad9646d0e0b3253f27b6",
    "docs/greptile-learnings/RULES.md": "4692b2f550fe0f0a9b7f53db8e08fb423c9c88058fc7376585e2a0eeafffc56d"
  },
  "modes": {
    ".oracle/managed-files.json": "0644",
    ".oracle/profile.json": "0644",
    "AGENTS.md": "0644",
    "audits/agents-md.md": "0644",
    "audits/logging.sh": "0755",
    "audits/msid-ui.sh": "0755",
    "audits/ufs.sh": "0755",
    "dispatch/edit_rules.md": "0644",
    "dispatch/lib.sh": "0755",
    "dispatch/write_any.md": "0644",
    "dispatch/write_any.sh": "0755",
    "dispatch/write_documentation.md": "0644",
    "dispatch/write_mdx.md": "0644",
    "dispatch/write_python.md": "0644",
    "dispatch/write_rust.md": "0644",
    "dispatch/write_shell.md": "0644",
    "docs/DOCUMENTATION_RULES.md": "0644",
    "docs/greptile-learnings/RULES.md": "0644"
  },
  "profile": "dotfiles",
  "ruleset_digest": "85b3fd3f4ee388af2e643188c24c5c1a6309e9ea5fb6725c1a2b83248f79d697",
  "schema_version": 1
}
