{
  "schema_version": 1,
  "profile": "dotfiles",
  "ruleset_digest": "03c795fa1a1ad2d87a818e108618c77b8ac7dc4a699569a6a24f1ad87c6bfa75",
  "files": {
    ".oracle/managed-files.json": "0c0503f236aae9ab268ef95ec07755f90baf830bd8b630d9a736b390beeeb7b5",
    ".oracle/profile.json": "f122380ddb22fc927d72204da53e8c9a5c4bc63c176c643b0e0e4822fa87ac09",
    "AGENTS.md": "163c38d0e596cbb2ffceb6a54c7669aba03703b49879ba2898cca44d6c8cedd6",
    "audits/agents-md.md": "9532eab9ebc20f19abbbef32301e8f0404fe405ce3a0a209f25a1ae94755b76e",
    "audits/cross-tier-rates.sh": "3672ce3b7972593bddfd691b4b251596b6adadb419df9aec1fdad7477cce18d0",
    "audits/deinit-pairs.sh": "6d3ee2dd3be599c48f2dad5ae48908878a8e504c757a710808ebb8fb7a5340d6",
    "audits/design-tokens.sh": "a331dfdffae459ad868484ddf55a4d8a000faa7561243e4f9d9619cd64240a49",
    "audits/error-codes.sh": "38442d78fdb441ad67e5b604b12a60aee0508fb244d2a3291ac3e134814a841c",
    "audits/logging.sh": "f75bd9cf8ff875b326230aa30eed7dcb518befb3b35dfaaa10aac06944f0fa87",
    "audits/msid-ui.sh": "31610c18b7cf17537b13b22e728a05e1dc97287b737a03344d82b603d28479e4",
    "audits/spec-template.sh": "aeec4f02edf0fa0a20b99d6fed34a9884890da94537002adce2ea0205900227d",
    "audits/sql-mod.sh": "0a3e3300c0f0ff955faaa5bca82d5feed22d140631af9723f3eaa1225d2e2984",
    "audits/ufs.sh": "ddafdb25932c27dc968b798a537b21304ff853ee464f447f8392fd43ba905aa6",
    "dispatch/edit_rules.md": "35266e3a028cdb5431a744c8935f221fd1170672cd88a663b980a73facafe788",
    "dispatch/lib.sh": "e150ba8d74f4b07ac1b212f868917bf68b1ab07bdb7333d150e967bb848e544c",
    "dispatch/name_architecture.md": "b859ea6d36c5f07f14ec3a2a54691933474907c15da05d81757e852a537e3c86",
    "dispatch/verify.md": "7c3b3339209cd826db07ba000b31941af3e2b68035f49ea7a14e9cf3a544efbf",
    "dispatch/write_any.md": "de954535ff2c11784366843dc0895c43900d9270a0f60d0cc9ee0b9543a9a4cf",
    "dispatch/write_any.sh": "36265c0ff8cd5aa31348bc4fe51039488dbea3ebbb7ecbed5fd856f468ee8908",
    "dispatch/write_auth.md": "94c26d787cb53517f829c815244776c03d2c20d8e7a956216f0632a2121585a8",
    "dispatch/write_changelog.md": "44c2824225ad92c0af674af2a641a42ced227d2211cff6d6060c1fc4adb0b1f7",
    "dispatch/write_documentation.md": "0d4a051550a2925e864d64f05ad2a02ede93bf35ebc4f4ed4db4994fa02f352f",
    "dispatch/write_http.md": "8c9ca00bb8c007cc756b5daf9822db92a760328cb534e48598909522bf5437f2",
    "dispatch/write_mdx.md": "71309fa7fd2f690973da53e70108fe92c0af9b51c12b49ee9bd0fbe747313029",
    "dispatch/write_python.md": "b863b6e9d9aa1d65ad51639a64c9fda3bd4cf45881d88a81d2fb40c16df649c6",
    "dispatch/write_rust.md": "ed6f48c05bd528a81460bb6ac2f4dc376f8889ac7e57bca5b5f91ceb470b455a",
    "dispatch/write_shell.md": "9d726314aba14d36d1181f2ac022f58d8c95ad08e1f7da130deae750dbc6eb8f",
    "dispatch/write_spec.md": "027c723ac1425114870a36afac467c5003fe291a2a3707f07b8799a4402f31d4",
    "dispatch/write_sql.md": "9050de43e605e6216d55fbb9e6372a5bd06b0cd1593361575c7190e4e98216ec",
    "dispatch/write_sql.sh": "cdbb4d4cd01c940723ac14abca26faabb18c731f7c1df2864b03f5cb32322f1a",
    "dispatch/write_ts_adhere_bun.md": "818c32356f98c298927cd604f726695cc5c4803b7b98ff04a21247ad3237711e",
    "dispatch/write_ts_adhere_bun.sh": "1724ab4d465d29bbdd54f9cf178ec914da9bc262c8dd015ae66f4440945bcdc6",
    "dispatch/write_zig.md": "6bd039098259aeaa8e8fce98ffa7421682ff0adb6c596fb5caa81a3dd2650dc3",
    "dispatch/write_zig.sh": "0906a1ffe631f8cf04652d11f94adc377f49374b7ab857c2e6d50c209ae78ec9",
    "docs/CHANGELOG_VOICE.md": "3a9cd7d87dab1f03eba2b5eb04e85bbc8dd19cf86a72d2587a304e1563721013",
    "docs/DOCUMENTATION_RULES.md": "805a6bf0239d07c280d1a1fb1bfe5075108c178d8f42ad9646d0e0b3253f27b6",
    "docs/EXECUTE_DOC_READS.md": "c1fadadfe745d67eb0c9e9eed8de3b09b91103af98d35b14f9dd8a0295b68ce6",
    "docs/HARNESS_VERIFY_OUTPUT.md": "22f00eb903b227c66a884a2f0b1448a4dcd559c02cdd38c082cf0c19d4ad0cd9",
    "docs/LIFECYCLE_PATTERNS.md": "3b610c521ee3ac7838c13c27bdbdbd63ea84b94017cd06618401ddcecff13ee3",
    "docs/LOGGING_STANDARD.md": "0920ab10ad99ee0520f8c90b79daf78e0e9dc593ebd638dd481ed6ef6103bbff",
    "docs/ORLY_ARCHITECTURE.md": "114618180a21d64d5e82b15209d55e024d643b3e4432a13393e44355cce395d8",
    "docs/REST_API_DESIGN_GUIDELINES.md": "e8ec70219f466324de1bbf749570fd879d5fc896a0098f269e8eeedd1240919a",
    "docs/SCHEMA_CONVENTIONS.md": "6a3642e7acd518c59e2e1dd4e2ddd0abefea5a941fc43b92eef5c19219abdd52",
    "docs/TEMPLATE.md": "db1a8be4442f1e524cb59679aeca6d72aab5005a46a2c17d0bd697563fca41d5",
    "docs/VERIFY_TIERS.md": "d88924fdfdac4a9ea8b48eb6db6984d8d92bae507bb2f600ea11f16d54cc3e67",
    "docs/greptile-learnings/RULES.md": "af0dbdcb70d55b5c513e51f6569894fce7c92bcda9b32b0c04652550ec177baf"
  },
  "modes": {
    ".oracle/managed-files.json": "0644",
    ".oracle/profile.json": "0644",
    "AGENTS.md": "0644",
    "audits/agents-md.md": "0644",
    "audits/cross-tier-rates.sh": "0755",
    "audits/deinit-pairs.sh": "0755",
    "audits/design-tokens.sh": "0755",
    "audits/error-codes.sh": "0755",
    "audits/logging.sh": "0755",
    "audits/msid-ui.sh": "0755",
    "audits/spec-template.sh": "0755",
    "audits/sql-mod.sh": "0755",
    "audits/ufs.sh": "0755",
    "dispatch/edit_rules.md": "0644",
    "dispatch/lib.sh": "0755",
    "dispatch/name_architecture.md": "0644",
    "dispatch/verify.md": "0644",
    "dispatch/write_any.md": "0644",
    "dispatch/write_any.sh": "0755",
    "dispatch/write_auth.md": "0644",
    "dispatch/write_changelog.md": "0644",
    "dispatch/write_documentation.md": "0644",
    "dispatch/write_http.md": "0644",
    "dispatch/write_mdx.md": "0644",
    "dispatch/write_python.md": "0644",
    "dispatch/write_rust.md": "0644",
    "dispatch/write_shell.md": "0644",
    "dispatch/write_spec.md": "0644",
    "dispatch/write_sql.md": "0644",
    "dispatch/write_sql.sh": "0755",
    "dispatch/write_ts_adhere_bun.md": "0644",
    "dispatch/write_ts_adhere_bun.sh": "0755",
    "dispatch/write_zig.md": "0644",
    "dispatch/write_zig.sh": "0755",
    "docs/CHANGELOG_VOICE.md": "0644",
    "docs/DOCUMENTATION_RULES.md": "0644",
    "docs/EXECUTE_DOC_READS.md": "0644",
    "docs/HARNESS_VERIFY_OUTPUT.md": "0644",
    "docs/LIFECYCLE_PATTERNS.md": "0644",
    "docs/LOGGING_STANDARD.md": "0644",
    "docs/ORLY_ARCHITECTURE.md": "0644",
    "docs/REST_API_DESIGN_GUIDELINES.md": "0644",
    "docs/SCHEMA_CONVENTIONS.md": "0644",
    "docs/TEMPLATE.md": "0644",
    "docs/VERIFY_TIERS.md": "0644",
    "docs/greptile-learnings/RULES.md": "0644"
  }
}
